// !$*UTF8*$!
{
	archiveVersion = 1;
	classes = {
	};
	objectVersion = 50;
	objects = {

/* Begin PBXBuildFile section */
		437E41C22205C0AF00ED21E7 /* strappend.c in Sources */ = {isa = PBXBuildFile; fileRef = 437E41C12205C0AF00ED21E7 /* strappend.c */; };
		437E41C92206079E00ED21E7 /* cpplink.cpp in Sources */ = {isa = PBXBuildFile; fileRef = 437E41C72206079E00ED21E7 /* cpplink.cpp */; };
		43D61ABB221B0F0F00DBBEDB /* Stepper.cpp in Sources */ = {isa = PBXBuildFile; fileRef = 43D61AB9221B0F0F00DBBEDB /* Stepper.cpp */; };
		43D61ABE221B0F2A00DBBEDB /* StepperCommand.cpp in Sources */ = {isa = PBXBuildFile; fileRef = 43D61ABC221B0F2A00DBBEDB /* StepperCommand.cpp */; };
		43D61AC0221B200000DBBEDB /* stepperCommon.h in Sources */ = {isa = PBXBuildFile; fileRef = 43D61ABF221B200000DBBEDB /* stepperCommon.h */; };
		43D61AC2221B232C00DBBEDB /* stepperCommon.cpp in Sources */ = {isa = PBXBuildFile; fileRef = 43D61AC1221B232C00DBBEDB /* stepperCommon.cpp */; };
		43D61ACD221B345800DBBEDB /* Serial.cpp in Sources */ = {isa = PBXBuildFile; fileRef = 43D61ACC221B345800DBBEDB /* Serial.cpp */; };
		43E067F02203A3980044BEA1 /* main.cpp in Sources */ = {isa = PBXBuildFile; fileRef = 43E067EF2203A3980044BEA1 /* main.cpp */; };
/* End PBXBuildFile section */

/* Begin PBXCopyFilesBuildPhase section */
		43E067EA2203A3980044BEA1 /* CopyFiles */ = {
			isa = PBXCopyFilesBuildPhase;
			buildActionMask = 2147483647;
			dstPath = /usr/share/man/man1/;
			dstSubfolderSpec = 0;
			files = (
			);
			runOnlyForDeploymentPostprocessing = 1;
		};
/* End PBXCopyFilesBuildPhase section */

/* Begin PBXFileReference section */
		437E41C12205C0AF00ED21E7 /* strappend.c */ = {isa = PBXFileReference; lastKnownFileType = sourcecode.c.c; path = strappend.c; sourceTree = "<group>"; };
		437E41C72206079E00ED21E7 /* cpplink.cpp */ = {isa = PBXFileReference; lastKnownFileType = sourcecode.cpp.cpp; path = cpplink.cpp; sourceTree = "<group>"; };
		437E41C82206079E00ED21E7 /* cpplink.h */ = {isa = PBXFileReference; lastKnownFileType = sourcecode.c.h; path = cpplink.h; sourceTree = "<group>"; };
		43D61AB9221B0F0F00DBBEDB /* Stepper.cpp */ = {isa = PBXFileReference; lastKnownFileType = sourcecode.cpp.cpp; path = Stepper.cpp; sourceTree = "<group>"; };
		43D61ABC221B0F2A00DBBEDB /* StepperCommand.cpp */ = {isa = PBXFileReference; lastKnownFileType = sourcecode.cpp.cpp; path = StepperCommand.cpp; sourceTree = "<group>"; };
		43D61ABF221B200000DBBEDB /* stepperCommon.h */ = {isa = PBXFileReference; lastKnownFileType = sourcecode.c.h; path = stepperCommon.h; sourceTree = "<group>"; };
		43D61AC1221B232C00DBBEDB /* stepperCommon.cpp */ = {isa = PBXFileReference; lastKnownFileType = sourcecode.cpp.cpp; path = stepperCommon.cpp; sourceTree = "<group>"; };
		43D61AC5221B2C5B00DBBEDB /* Stepper.h */ = {isa = PBXFileReference; lastKnownFileType = sourcecode.c.h; path = Stepper.h; sourceTree = "<group>"; };
		43D61AC6221B2C6D00DBBEDB /* StepperCommand.h */ = {isa = PBXFileReference; lastKnownFileType = sourcecode.c.h; path = StepperCommand.h; sourceTree = "<group>"; };
		43D61AC8221B320900DBBEDB /* Serial.h */ = {isa = PBXFileReference; lastKnownFileType = sourcecode.c.h; path = Serial.h; sourceTree = "<group>"; };
		43D61ACC221B345800DBBEDB /* Serial.cpp */ = {isa = PBXFileReference; lastKnownFileType = sourcecode.cpp.cpp; path = Serial.cpp; sourceTree = "<group>"; };
		43E067EC2203A3980044BEA1 /* cpptest */ = {isa = PBXFileReference; explicitFileType = "compiled.mach-o.executable"; includeInIndex = 0; path = cpptest; sourceTree = BUILT_PRODUCTS_DIR; };
		43E067EF2203A3980044BEA1 /* main.cpp */ = {isa = PBXFileReference; lastKnownFileType = sourcecode.cpp.cpp; path = main.cpp; sourceTree = "<group>"; };
		43E067F62203A3E10044BEA1 /* interface.h */ = {isa = PBXFileReference; lastKnownFileType = sourcecode.c.h; path = interface.h; sourceTree = "<group>"; };
/* End PBXFileReference section */

/* Begin PBXFrameworksBuildPhase section */
		43E067E92203A3980044BEA1 /* Frameworks */ = {
			isa = PBXFrameworksBuildPhase;
			buildActionMask = 2147483647;
			files = (
			);
			runOnlyForDeploymentPostprocessing = 0;
		};
/* End PBXFrameworksBuildPhase section */

/* Begin PBXGroup section */
		43E067E32203A3980044BEA1 = {
			isa = PBXGroup;
			children = (
				43E067EE2203A3980044BEA1 /* cpptest */,
				43E067ED2203A3980044BEA1 /* Products */,
			);
			sourceTree = "<group>";
		};
		43E067ED2203A3980044BEA1 /* Products */ = {
			isa = PBXGroup;
			children = (
				43E067EC2203A3980044BEA1 /* cpptest */,
			);
			name = Products;
			sourceTree = "<group>";
		};
		43E067EE2203A3980044BEA1 /* cpptest */ = {
			isa = PBXGroup;
			children = (
				43E067EF2203A3980044BEA1 /* main.cpp */,
				43E067F62203A3E10044BEA1 /* interface.h */,
				437E41C12205C0AF00ED21E7 /* strappend.c */,
				437E41C72206079E00ED21E7 /* cpplink.cpp */,
				437E41C82206079E00ED21E7 /* cpplink.h */,
				43D61AB9221B0F0F00DBBEDB /* Stepper.cpp */,
				43D61AC5221B2C5B00DBBEDB /* Stepper.h */,
				43D61ABC221B0F2A00DBBEDB /* StepperCommand.cpp */,
				43D61AC6221B2C6D00DBBEDB /* StepperCommand.h */,
				43D61AC1221B232C00DBBEDB /* stepperCommon.cpp */,
				43D61ABF221B200000DBBEDB /* stepperCommon.h */,
				43D61ACC221B345800DBBEDB /* Serial.cpp */,
				43D61AC8221B320900DBBEDB /* Serial.h */,
			);
			path = cpptest;
			sourceTree = "<group>";
		};
/* End PBXGroup section */

/* Begin PBXNativeTarget section */
		43E067EB2203A3980044BEA1 /* cpptest */ = {
			isa = PBXNativeTarget;
			buildConfigurationList = 43E067F32203A3980044BEA1 /* Build configuration list for PBXNativeTarget "cpptest" */;
			buildPhases = (
				43E067E82203A3980044BEA1 /* Sources */,
				43E067E92203A3980044BEA1 /* Frameworks */,
				43E067EA2203A3980044BEA1 /* CopyFiles */,
			);
			buildRules = (
			);
			dependencies = (
			);
			name = cpptest;
			productName = cpptest;
			productReference = 43E067EC2203A3980044BEA1 /* cpptest */;
			productType = "com.apple.product-type.tool";
		};
/* End PBXNativeTarget section */

/* Begin PBXProject section */
		43E067E42203A3980044BEA1 /* Project object */ = {
			isa = PBXProject;
			attributes = {
				LastUpgradeCheck = 1010;
				ORGANIZATIONNAME = lore;
				TargetAttributes = {
					43E067EB2203A3980044BEA1 = {
						CreatedOnToolsVersion = 10.1;
					};
				};
			};
			buildConfigurationList = 43E067E72203A3980044BEA1 /* Build configuration list for PBXProject "cpptest" */;
			compatibilityVersion = "Xcode 9.3";
			developmentRegion = en;
			hasScannedForEncodings = 0;
			knownRegions = (
				en,
			);
			mainGroup = 43E067E32203A3980044BEA1;
			productRefGroup = 43E067ED2203A3980044BEA1 /* Products */;
			projectDirPath = "";
			projectRoot = "";
			targets = (
				43E067EB2203A3980044BEA1 /* cpptest */,
			);
		};
/* End PBXProject section */

/* Begin PBXSourcesBuildPhase section */
		43E067E82203A3980044BEA1 /* Sources */ = {
			isa = PBXSourcesBuildPhase;
			buildActionMask = 2147483647;
			files = (
				43D61ABE221B0F2A00DBBEDB /* StepperCommand.cpp in Sources */,
				43E067F02203A3980044BEA1 /* main.cpp in Sources */,
				43D61AC0221B200000DBBEDB /* stepperCommon.h in Sources */,
				43D61ACD221B345800DBBEDB /* Serial.cpp in Sources */,
				437E41C92206079E00ED21E7 /* cpplink.cpp in Sources */,
				437E41C22205C0AF00ED21E7 /* strappend.c in Sources */,
				43D61AC2221B232C00DBBEDB /* stepperCommon.cpp in Sources */,
				43D61ABB221B0F0F00DBBEDB /* Stepper.cpp in Sources */,
			);
			runOnlyForDeploymentPostprocessing = 0;
		};
/* End PBXSourcesBuildPhase section */

/* Begin XCBuildConfiguration section */
		43E067F12203A3980044BEA1 /* Debug */ = {
			isa = XCBuildConfiguration;
			buildSettings = {
				ALWAYS_SEARCH_USER_PATHS = NO;
				CLANG_ANALYZER_NONNULL = YES;
				CLANG_ANALYZER_NUMBER_OBJECT_CONVERSION = YES_AGGRESSIVE;
				CLANG_CXX_LANGUAGE_STANDARD = "gnu++14";
				CLANG_CXX_LIBRARY = "libc++";
				CLANG_ENABLE_MODULES = YES;
				CLANG_ENABLE_OBJC_ARC = YES;
				CLANG_ENABLE_OBJC_WEAK = YES;
				CLANG_WARN_BLOCK_CAPTURE_AUTORELEASING = YES;
				CLANG_WARN_BOOL_CONVERSION = YES;
				CLANG_WARN_COMMA = YES;
				CLANG_WARN_CONSTANT_CONVERSION = YES;
				CLANG_WARN_DEPRECATED_OBJC_IMPLEMENTATIONS = YES;
				CLANG_WARN_DIRECT_OBJC_ISA_USAGE = YES_ERROR;
				CLANG_WARN_DOCUMENTATION_COMMENTS = YES;
				CLANG_WARN_EMPTY_BODY = YES;
				CLANG_WARN_ENUM_CONVERSION = YES;
				CLANG_WARN_INFINITE_RECURSION = YES;
				CLANG_WARN_INT_CONVERSION = YES;
				CLANG_WARN_NON_LITERAL_NULL_CONVERSION = YES;
				CLANG_WARN_OBJC_IMPLICIT_RETAIN_SELF = YES;
				CLANG_WARN_OBJC_LITERAL_CONVERSION = YES;
				CLANG_WARN_OBJC_ROOT_CLASS = YES_ERROR;
				CLANG_WARN_RANGE_LOOP_ANALYSIS = YES;
				CLANG_WARN_STRICT_PROTOTYPES = YES;
				CLANG_WARN_SUSPICIOUS_MOVE = YES;
				CLANG_WARN_UNGUARDED_AVAILABILITY = YES_AGGRESSIVE;
				CLANG_WARN_UNREACHABLE_CODE = YES;
				CLANG_WARN__DUPLICATE_METHOD_MATCH = YES;
				CODE_SIGN_IDENTITY = "Mac Developer";
				COPY_PHASE_STRIP = NO;
				DEBUG_INFORMATION_FORMAT = dwarf;
				ENABLE_STRICT_OBJC_MSGSEND = YES;
				ENABLE_TESTABILITY = YES;
				GCC_C_LANGUAGE_STANDARD = gnu11;
				GCC_DYNAMIC_NO_PIC = NO;
				GCC_NO_COMMON_BLOCKS = YES;
				GCC_OPTIMIZATION_LEVEL = 0;
				GCC_PREPROCESSOR_DEFINITIONS = (
					"DEBUG=1",
					"$(inherited)",
				);
				GCC_WARN_64_TO_32_BIT_CONVERSION = YES;
				GCC_WARN_ABOUT_RETURN_TYPE = YES_ERROR;
				GCC_WARN_UNDECLARED_SELECTOR = YES;
				GCC_WARN_UNINITIALIZED_AUTOS = YES_AGGRESSIVE;
				GCC_WARN_UNUSED_FUNCTION = YES;
				GCC_WARN_UNUSED_VARIABLE = YES;
				MACOSX_DEPLOYMENT_TARGET = 10.14;
				MTL_ENABLE_DEBUG_INFO = INCLUDE_SOURCE;
				MTL_FAST_MATH = YES;
				ONLY_ACTIVE_ARCH = YES;
				SDKROOT = macosx;
			};
			name = Debug;
		};
		43E067F22203A3980044BEA1 /* Release */ = {
			isa = XCBuildConfiguration;
			buildSettings = {
				ALWAYS_SEARCH_USER_PATHS = NO;
				CLANG_ANALYZER_NONNULL = YES;
				CLANG_ANALYZER_NUMBER_OBJECT_CONVERSION = YES_AGGRESSIVE;
				CLANG_CXX_LANGUAGE_STANDARD = "gnu++14";
				CLANG_CXX_LIBRARY = "libc++";
				CLANG_ENABLE_MODULES = YES;
				CLANG_ENABLE_OBJC_ARC = YES;
				CLANG_ENABLE_OBJC_WEAK = YES;
				CLANG_WARN_BLOCK_CAPTURE_AUTORELEASING = YES;
				CLANG_WARN_BOOL_CONVERSION = YES;
				CLANG_WARN_COMMA = YES;
				CLANG_WARN_CONSTANT_CONVERSION = YES;
				CLANG_WARN_DEPRECATED_OBJC_IMPLEMENTATIONS = YES;
				CLANG_WARN_DIRECT_OBJC_ISA_USAGE = YES_ERROR;
				CLANG_WARN_DOCUMENTATION_COMMENTS = YES;
				CLANG_WARN_EMPTY_BODY = YES;
				CLANG_WARN_ENUM_CONVERSION = YES;
				CLANG_WARN_INFINITE_RECURSION = YES;
				CLANG_WARN_INT_CONVERSION = YES;
				CLANG_WARN_NON_LITERAL_NULL_CONVERSION = YES;
				CLANG_WARN_OBJC_IMPLICIT_RETAIN_SELF = YES;
				CLANG_WARN_OBJC_LITERAL_CONVERSION = YES;
				CLANG_WARN_OBJC_ROOT_CLASS = YES_ERROR;
				CLANG_WARN_RANGE_LOOP_ANALYSIS = YES;
				CLANG_WARN_STRICT_PROTOTYPES = YES;
				CLANG_WARN_SUSPICIOUS_MOVE = YES;
				CLANG_WARN_UNGUARDED_AVAILABILITY = YES_AGGRESSIVE;
				CLANG_WARN_UNREACHABLE_CODE = YES;
				CLANG_WARN__DUPLICATE_METHOD_MATCH = YES;
				CODE_SIGN_IDENTITY = "Mac Developer";
				COPY_PHASE_STRIP = NO;
				DEBUG_INFORMATION_FORMAT = "dwarf-with-dsym";
				ENABLE_NS_ASSERTIONS = NO;
				ENABLE_STRICT_OBJC_MSGSEND = YES;
				GCC_C_LANGUAGE_STANDARD = gnu11;
				GCC_NO_COMMON_BLOCKS = YES;
				GCC_WARN_64_TO_32_BIT_CONVERSION = YES;
				GCC_WARN_ABOUT_RETURN_TYPE = YES_ERROR;
				GCC_WARN_UNDECLARED_SELECTOR = YES;
				GCC_WARN_UNINITIALIZED_AUTOS = YES_AGGRESSIVE;
				GCC_WARN_UNUSED_FUNCTION = YES;
				GCC_WARN_UNUSED_VARIABLE = YES;
				MACOSX_DEPLOYMENT_TARGET = 10.14;
				MTL_ENABLE_DEBUG_INFO = NO;
				MTL_FAST_MATH = YES;
				SDKROOT = macosx;
			};
			name = Release;
		};
		43E067F42203A3980044BEA1 /* Debug */ = {
			isa = XCBuildConfiguration;
			buildSettings = {
				CODE_SIGN_STYLE = Automatic;
				DEVELOPMENT_TEAM = AG576DY8GR;
				PRODUCT_NAME = "$(TARGET_NAME)";
			};
			name = Debug;
		};
		43E067F52203A3980044BEA1 /* Release */ = {
			isa = XCBuildConfiguration;
			buildSettings = {
				CODE_SIGN_STYLE = Automatic;
				DEVELOPMENT_TEAM = AG576DY8GR;
				PRODUCT_NAME = "$(TARGET_NAME)";
			};
			name = Release;
		};
/* End XCBuildConfiguration section */

/* Begin XCConfigurationList section */
		43E067E72203A3980044BEA1 /* Build configuration list for PBXProject "cpptest" */ = {
			isa = XCConfigurationList;
			buildConfigurations = (
				43E067F12203A3980044BEA1 /* Debug */,
				43E067F22203A3980044BEA1 /* Release */,
			);
			defaultConfigurationIsVisible = 0;
			defaultConfigurationName = Release;
		};
		43E067F32203A3980044BEA1 /* Build configuration list for PBXNativeTarget "cpptest" */ = {
			isa = XCConfigurationList;
			buildConfigurations = (
				43E067F42203A3980044BEA1 /* Debug */,
				43E067F52203A3980044BEA1 /* Release */,
			);
			defaultConfigurationIsVisible = 0;
			defaultConfigurationName = Release;
		};
/* End XCConfigurationList section */
	};
	rootObject = 43E067E42203A3980044BEA1 /* Project object */;
}
